
Microsoft Visual Studio Solution File, Format Version 12.00
# Visual Studio Version 17
VisualStudioVersion = 17.5.33627.172
MinimumVisualStudioVersion = 10.0.40219.1
Project("{FAE04EC0-301F-11D3-BF4B-00C04F79EFBC}") = "InscaleApi", "InscaleApi\InscaleApi.csproj", "{052DB45B-B809-4972-8122-45628CAA4B45}"
EndProject
Global
	GlobalSection(SolutionConfigurationPlatforms) = preSolution
		Debug|Any CPU = Debug|Any CPU
		Release|Any CPU = Release|Any CPU
	EndGlobalSection
	GlobalSection(ProjectConfigurationPlatforms) = postSolution
		{052DB45B-B809-4972-8122-45628CAA4B45}.Debug|Any CPU.ActiveCfg = Debug|Any CPU
		{052DB45B-B809-4972-8122-45628CAA4B45}.Debug|Any CPU.Build.0 = Debug|Any CPU
		{052DB45B-B809-4972-8122-45628CAA4B45}.Release|Any CPU.ActiveCfg = Release|Any CPU
		{052DB45B-B809-4972-8122-45628CAA4B45}.Release|Any CPU.Build.0 = Release|Any CPU
	EndGlobalSection
	GlobalSection(SolutionProperties) = preSolution
		HideSolutionNode = FALSE
	EndGlobalSection
	GlobalSection(ExtensibilityGlobals) = postSolution
		SolutionGuid = {0C72B243-B1D0-49AA-9A18-CB8E4A52B42D}
	EndGlobalSection
EndGlobal
